
Microsoft Visual Studio Solution File, Format Version 12.00
# Visual Studio Version 16
VisualStudioVersion = 16.0.808.4
MinimumVisualStudioVersion = 10.0.40219.1
Project("{FAE04EC0-301F-11D3-BF4B-00C04F79EFBC}") = "Web", "Web\Web.csproj", "{22F2B58E-38DF-41D7-AC2B-B5C34E35AFA9}"
EndProject
Global
	GlobalSection(SolutionConfigurationPlatforms) = preSolution
		Debug|Any CPU = Debug|Any CPU
		Release|Any CPU = Release|Any CPU
	EndGlobalSection
	GlobalSection(ProjectConfigurationPlatforms) = postSolution
		{22F2B58E-38DF-41D7-AC2B-B5C34E35AFA9}.Debug|Any CPU.ActiveCfg = Debug|Any CPU
		{22F2B58E-38DF-41D7-AC2B-B5C34E35AFA9}.Debug|Any CPU.Build.0 = Debug|Any CPU
		{22F2B58E-38DF-41D7-AC2B-B5C34E35AFA9}.Release|Any CPU.ActiveCfg = Release|Any CPU
		{22F2B58E-38DF-41D7-AC2B-B5C34E35AFA9}.Release|Any CPU.Build.0 = Release|Any CPU
	EndGlobalSection
	GlobalSection(SolutionProperties) = preSolution
		HideSolutionNode = FALSE
	EndGlobalSection
	GlobalSection(ExtensibilityGlobals) = postSolution
		SolutionGuid = {CEAF108B-F0A4-4365-929E-7E45E495D056}
	EndGlobalSection
EndGlobal
